
Microsoft Visual Studio Solution File, Format Version 12.00
# Visual Studio Version 17
VisualStudioVersion = 17.12.35506.116 d17.12
MinimumVisualStudioVersion = 10.0.40219.1
Project("{FAE04EC0-301F-11D3-BF4B-00C04F79EFBC}") = "StrewHatCrew", "StrewHatCrew.csproj", "{B48B5C3B-FA18-47D1-84D4-9CE9BCAB6A19}"
EndProject
Global
	GlobalSection(SolutionConfigurationPlatforms) = preSolution
		Debug|Any CPU = Debug|Any CPU
		Release|Any CPU = Release|Any CPU
	EndGlobalSection
	GlobalSection(ProjectConfigurationPlatforms) = postSolution
		{B48B5C3B-FA18-47D1-84D4-9CE9BCAB6A19}.Debug|Any CPU.ActiveCfg = Debug|Any CPU
		{B48B5C3B-FA18-47D1-84D4-9CE9BCAB6A19}.Debug|Any CPU.Build.0 = Debug|Any CPU
		{B48B5C3B-FA18-47D1-84D4-9CE9BCAB6A19}.Release|Any CPU.ActiveCfg = Release|Any CPU
		{B48B5C3B-FA18-47D1-84D4-9CE9BCAB6A19}.Release|Any CPU.Build.0 = Release|Any CPU
	EndGlobalSection
	GlobalSection(SolutionProperties) = preSolution
		HideSolutionNode = FALSE
	EndGlobalSection
EndGlobal
